
Microsoft Visual Studio Solution File, Format Version 12.00
# Visual Studio Version 17
VisualStudioVersion = 17.9.34902.65
MinimumVisualStudioVersion = 10.0.40219.1
Project("{9A19103F-16F7-4668-BE54-9A1E7A4F7556}") = "TravelCoreProje", "TravelCoreProje\TravelCoreProje.csproj", "{B8120048-BE9F-420B-AF15-6259B67A869F}"
EndProject
Project("{9A19103F-16F7-4668-BE54-9A1E7A4F7556}") = "BusinessLayer", "BusinessLayer\BusinessLayer.csproj", "{71C6D1E6-6484-4755-A0B6-9E5402D87215}"
EndProject
Project("{9A19103F-16F7-4668-BE54-9A1E7A4F7556}") = "DataAccessLayer", "DataAccessLayer\DataAccessLayer.csproj", "{EA57E65D-A9E9-4854-8B2E-18E994A08A82}"
EndProject
Project("{9A19103F-16F7-4668-BE54-9A1E7A4F7556}") = "EntityLayer", "EntityLayer\EntityLayer.csproj", "{586B900F-6EA9-4B7C-94C3-36C9DA21E2F7}"
EndProject
Global
	GlobalSection(SolutionConfigurationPlatforms) = preSolution
		Debug|Any CPU = Debug|Any CPU
		Release|Any CPU = Release|Any CPU
	EndGlobalSection
	GlobalSection(ProjectConfigurationPlatforms) = postSolution
		{B8120048-BE9F-420B-AF15-6259B67A869F}.Debug|Any CPU.ActiveCfg = Debug|Any CPU
		{B8120048-BE9F-420B-AF15-6259B67A869F}.Debug|Any CPU.Build.0 = Debug|Any CPU
		{B8120048-BE9F-420B-AF15-6259B67A869F}.Release|Any CPU.ActiveCfg = Release|Any CPU
		{B8120048-BE9F-420B-AF15-6259B67A869F}.Release|Any CPU.Build.0 = Release|Any CPU
		{71C6D1E6-6484-4755-A0B6-9E5402D87215}.Debug|Any CPU.ActiveCfg = Debug|Any CPU
		{71C6D1E6-6484-4755-A0B6-9E5402D87215}.Debug|Any CPU.Build.0 = Debug|Any CPU
		{71C6D1E6-6484-4755-A0B6-9E5402D87215}.Release|Any CPU.ActiveCfg = Release|Any CPU
		{71C6D1E6-6484-4755-A0B6-9E5402D87215}.Release|Any CPU.Build.0 = Release|Any CPU
		{EA57E65D-A9E9-4854-8B2E-18E994A08A82}.Debug|Any CPU.ActiveCfg = Debug|Any CPU
		{EA57E65D-A9E9-4854-8B2E-18E994A08A82}.Debug|Any CPU.Build.0 = Debug|Any CPU
		{EA57E65D-A9E9-4854-8B2E-18E994A08A82}.Release|Any CPU.ActiveCfg = Release|Any CPU
		{EA57E65D-A9E9-4854-8B2E-18E994A08A82}.Release|Any CPU.Build.0 = Release|Any CPU
		{586B900F-6EA9-4B7C-94C3-36C9DA21E2F7}.Debug|Any CPU.ActiveCfg = Debug|Any CPU
		{586B900F-6EA9-4B7C-94C3-36C9DA21E2F7}.Debug|Any CPU.Build.0 = Debug|Any CPU
		{586B900F-6EA9-4B7C-94C3-36C9DA21E2F7}.Release|Any CPU.ActiveCfg = Release|Any CPU
		{586B900F-6EA9-4B7C-94C3-36C9DA21E2F7}.Release|Any CPU.Build.0 = Release|Any CPU
	EndGlobalSection
	GlobalSection(SolutionProperties) = preSolution
		HideSolutionNode = FALSE
	EndGlobalSection
	GlobalSection(ExtensibilityGlobals) = postSolution
		SolutionGuid = {70991DDE-3030-4E81-9B89-E8F426AAB2D2}
	EndGlobalSection
EndGlobal
